<?xml version="1.0" encoding="utf-8"?>
<Project ToolsVersion="4.0" xmlns="http://schemas.microsoft.com/developer/msbuild/2003">
  <ItemGroup>
    <Filter Include="Quelldateien">
      <UniqueIdentifier>{4FC737F1-C7A5-4376-A066-2A32D752A2FF}</UniqueIdentifier>
      <Extensions>cpp;c;cc;cxx;def;odl;idl;hpj;bat;asm;asmx</Extensions>
    </Filter>
    <Filter Include="Headerdateien">
      <UniqueIdentifier>{93995380-89BD-4b04-88EB-625FBE52EBFB}</UniqueIdentifier>
      <Extensions>h;hh;hpp;hxx;hm;inl;inc;xsd</Extensions>
    </Filter>
    <Filter Include="Ressourcendateien">
      <UniqueIdentifier>{67DA6AB6-F800-4c08-8B7A-83BB121AAD01}</UniqueIdentifier>
      <Extensions>rc;ico;cur;bmp;dlg;rc2;rct;bin;rgs;gif;jpg;jpeg;jpe;resx;tiff;tif;png;wav;mfcribbon-ms</Extensions>
    </Filter>
    <Filter Include="Quelldateien\Medien">
      <UniqueIdentifier>{6e3b8c15-2a9f-4d85-b1b0-1eb4b1181ae1}</UniqueIdentifier>
    </Filter>
    <Filter Include="Quelldateien\Katalog">
      <UniqueIdentifier>{33718717-c3be-48ed-a3da-faa84b15f78f}</UniqueIdentifier>
    </Filter>
    <Filter Include="Headerdateien\Medien">
      <UniqueIdentifier>{36d6a5fa-90c0-485c-8ca4-5a3e7e2bd25f}</UniqueIdentifier>
    </Filter>
    <Filter Include="Headerdateien\Katalog">
      <UniqueIdentifier>{081767a4-6e02-46b2-8e74-bf00005ace1e}</UniqueIdentifier>
    </Filter>
    <Filter Include="Headerdateien\ID3">
      <UniqueIdentifier>{7ccf89b9-abbf-4d59-991f-815da2c3f7d6}</UniqueIdentifier>
    </Filter>
    <Filter Include="Headerdateien\MediaInfo">
      <UniqueIdentifier>{49c4b447-ebd0-40f3-bcfe-4f91e3a53edd}</UniqueIdentifier>
    </Filter>
    <Filter Include="Quelldateien\MediaInfo">
      <UniqueIdentifier>{a8b790c7-5588-4c25-af3b-cd1e26e906be}</UniqueIdentifier>
    </Filter>
  </ItemGroup>
  <ItemGroup>
    <ClCompile Include="MainView.cpp">
      <Filter>Quelldateien</Filter>
    </ClCompile>
    <ClCompile Include="MediaFile.cpp">
      <Filter>Quelldateien\Medien</Filter>
    </ClCompile>
    <ClCompile Include="MovieFile.cpp">
      <Filter>Quelldateien\Medien</Filter>
    </ClCompile>
    <ClCompile Include="MusicFile.cpp">
      <Filter>Quelldateien\Medien</Filter>
    </ClCompile>
    <ClCompile Include="PictureFile.cpp">
      <Filter>Quelldateien\Medien</Filter>
    </ClCompile>
    <ClCompile Include="Catalog.cpp">
      <Filter>Quelldateien\Katalog</Filter>
    </ClCompile>
    <ClCompile Include="MovieCatalog.cpp">
      <Filter>Quelldateien\Katalog</Filter>
    </ClCompile>
    <ClCompile Include="MusicCatalog.cpp">
      <Filter>Quelldateien\Katalog</Filter>
    </ClCompile>
    <ClCompile Include="PictureCatalog.cpp">
      <Filter>Quelldateien\Katalog</Filter>
    </ClCompile>
    <ClCompile Include="PopUpForm.cpp">
      <Filter>Headerdateien</Filter>
    </ClCompile>
  </ItemGroup>
  <ItemGroup>
    <ClInclude Include="MainView.h">
      <Filter>Headerdateien</Filter>
    </ClInclude>
    <ClInclude Include="MediaFile.h">
      <Filter>Headerdateien\Medien</Filter>
    </ClInclude>
    <ClInclude Include="MovieFile.h">
      <Filter>Headerdateien\Medien</Filter>
    </ClInclude>
    <ClInclude Include="MusicFile.h">
      <Filter>Headerdateien\Medien</Filter>
    </ClInclude>
    <ClInclude Include="PictureFile.h">
      <Filter>Headerdateien\Medien</Filter>
    </ClInclude>
    <ClInclude Include="Catalog.h">
      <Filter>Headerdateien\Katalog</Filter>
    </ClInclude>
    <ClInclude Include="MovieCatalog.h">
      <Filter>Headerdateien\Katalog</Filter>
    </ClInclude>
    <ClInclude Include="MusicCatalog.h">
      <Filter>Headerdateien\Katalog</Filter>
    </ClInclude>
    <ClInclude Include="PictureCatalog.h">
      <Filter>Headerdateien\Katalog</Filter>
    </ClInclude>
    <ClInclude Include="Id3Library\include\id3\field.h">
      <Filter>Headerdateien\ID3</Filter>
    </ClInclude>
    <ClInclude Include="Id3Library\include\id3\globals.h">
      <Filter>Headerdateien\ID3</Filter>
    </ClInclude>
    <ClInclude Include="Id3Library\include\id3\helpers.h">
      <Filter>Headerdateien\ID3</Filter>
    </ClInclude>
    <ClInclude Include="Id3Library\include\id3.h">
      <Filter>Headerdateien\ID3</Filter>
    </ClInclude>
    <ClInclude Include="Id3Library\include\id3\id3lib_frame.h">
      <Filter>Headerdateien\ID3</Filter>
    </ClInclude>
    <ClInclude Include="Id3Library\include\id3\id3lib_streams.h">
      <Filter>Headerdateien\ID3</Filter>
    </ClInclude>
    <ClInclude Include="Id3Library\include\id3\id3lib_strings.h">
      <Filter>Headerdateien\ID3</Filter>
    </ClInclude>
    <ClInclude Include="Id3Library\include\id3\io_decorators.h">
      <Filter>Headerdateien\ID3</Filter>
    </ClInclude>
    <ClInclude Include="Id3Library\include\id3\io_helpers.h">
      <Filter>Headerdateien\ID3</Filter>
    </ClInclude>
    <ClInclude Include="Id3Library\include\id3\io_strings.h">
      <Filter>Headerdateien\ID3</Filter>
    </ClInclude>
    <ClInclude Include="Id3Library\include\id3\misc_support.h">
      <Filter>Headerdateien\ID3</Filter>
    </ClInclude>
    <ClInclude Include="Id3Library\include\id3\reader.h">
      <Filter>Headerdateien\ID3</Filter>
    </ClInclude>
    <ClInclude Include="Id3Library\include\id3\readers.h">
      <Filter>Headerdateien\ID3</Filter>
    </ClInclude>
    <ClInclude Include="Id3Library\include\id3\sized_types.h">
      <Filter>Headerdateien\ID3</Filter>
    </ClInclude>
    <ClInclude Include="Id3Library\include\id3\tag.h">
      <Filter>Headerdateien\ID3</Filter>
    </ClInclude>
    <ClInclude Include="Id3Library\include\id3\utils.h">
      <Filter>Headerdateien\ID3</Filter>
    </ClInclude>
    <ClInclude Include="Id3Library\include\id3\writer.h">
      <Filter>Headerdateien\ID3</Filter>
    </ClInclude>
    <ClInclude Include="Id3Library\include\id3\writers.h">
      <Filter>Headerdateien\ID3</Filter>
    </ClInclude>
    <ClInclude Include="MediaInfo\Developers\Source\MediaInfoDLL\MediaInfoDLL.h">
      <Filter>Headerdateien\MediaInfo</Filter>
    </ClInclude>
    <ClInclude Include="MediaInfo\Developers\Source\MediaInfoDLL\MediaInfoDLL_Static.h">
      <Filter>Headerdateien\MediaInfo</Filter>
    </ClInclude>
    <ClInclude Include="PopUpForm.h">
      <Filter>Headerdateien</Filter>
    </ClInclude>
  </ItemGroup>
  <ItemGroup>
    <None Include="ClassDiagram.cd" />
    <None Include="Id3Library\include\Makefile.am" />
    <None Include="Id3Library\include\Makefile.in" />
    <None Include="Id3Library\include\id3\id3lib_bitset" />
    <None Include="Id3Library\include\id3\Makefile.am" />
    <None Include="Id3Library\include\id3\Makefile.in" />
    <None Include="dlls\id3lib.dll" />
    <None Include="MediaInfo\Developers\Contrib\ActiveX\Example\HowToUse_ActiveX.htm" />
    <None Include="MediaInfo\Developers\Contrib\ExcelVBA\HowTo.html" />
    <None Include="MediaInfo\Developers\Doc\_media_info___const_8h_source.html" />
    <None Include="MediaInfo\Developers\Doc\_media_info_8h_source.html" />
    <None Include="MediaInfo\Developers\Doc\_media_info_d_l_l_8h_source.html" />
    <None Include="MediaInfo\Developers\Doc\_media_info_list_8h_source.html" />
    <None Include="MediaInfo\Developers\Doc\annotated.html" />
    <None Include="MediaInfo\Developers\Doc\class_media_info_lib_1_1_media_info.html" />
    <None Include="MediaInfo\Developers\Doc\class_media_info_lib_1_1_media_info_list.html" />
    <None Include="MediaInfo\Developers\Doc\class_media_info_lib_1_1_media_info_list-members.html" />
    <None Include="MediaInfo\Developers\Doc\class_media_info_lib_1_1_media_info-members.html" />
    <None Include="MediaInfo\Developers\Doc\classes.html" />
    <None Include="MediaInfo\Developers\Doc\dir_04ac3ca04e7df05c28b97e8a54b78cec.html" />
    <None Include="MediaInfo\Developers\Doc\dir_1948383ebc858d7498bcb23a8a53c434.html" />
    <None Include="MediaInfo\Developers\Doc\files.html" />
    <None Include="MediaInfo\Developers\Doc\functions.html" />
    <None Include="MediaInfo\Developers\Doc\functions_func.html" />
    <None Include="MediaInfo\Developers\Doc\index.html" />
    <None Include="MediaInfo\Developers\Doc\namespace_media_info_lib.html" />
    <None Include="MediaInfo\Developers\Doc\namespacemembers.html" />
    <None Include="MediaInfo\Developers\Doc\namespacemembers_enum.html" />
    <None Include="MediaInfo\Developers\Doc\namespacemembers_eval.html" />
    <None Include="MediaInfo\Developers\Doc\namespacemembers_type.html" />
    <None Include="MediaInfo\Developers\Doc\namespaces.html" />
    <None Include="MediaInfo\Developers\Documentation.html" />
    <None Include="MediaInfo\Developers\License.html" />
    <None Include="MediaInfo\MediaInfo.dll" />
    <None Include="dlls\MediaInfo.dll" />
    <None Include="MediaInfo\Developers\Source\MediaInfoDLL\MediaInfoDLL.def">
      <Filter>Quelldateien\MediaInfo</Filter>
    </None>
    <None Include="packages.config" />
  </ItemGroup>
  <ItemGroup>
    <EmbeddedResource Include="MainView.resx">
      <Filter>Ressourcendateien</Filter>
    </EmbeddedResource>
    <EmbeddedResource Include="MediaInfo\Developers\Project\MSJS\Example\HowToUse_Dll.resx">
      <Filter>Ressourcendateien</Filter>
    </EmbeddedResource>
    <EmbeddedResource Include="MediaInfo\Developers\Project\MSVB\Example\My Project\Resources.resx">
      <Filter>Ressourcendateien</Filter>
    </EmbeddedResource>
    <EmbeddedResource Include="MediaInfo\Developers\Project\MSVB\Example\HowToUse_Dll.resx">
      <Filter>Ressourcendateien</Filter>
    </EmbeddedResource>
  </ItemGroup>
  <ItemGroup>
    <Library Include="Id3Library\id3lib.lib" />
  </ItemGroup>
  <ItemGroup>
    <Text Include="MediaInfo\ReadMe.txt" />
  </ItemGroup>
</Project>